
Microsoft Visual Studio Solution File, Format Version 12.00
Project("{FAE04EC0-301F-11D3-BF4B-00C04F79EFBC}") = "test-tg", "test-tg\test-tg.csproj", "{69445B9F-558A-47BE-BB47-7A4853C09510}"
EndProject
Global
	GlobalSection(SolutionConfigurationPlatforms) = preSolution
		Debug|Any CPU = Debug|Any CPU
		Release|Any CPU = Release|Any CPU
	EndGlobalSection
	GlobalSection(ProjectConfigurationPlatforms) = postSolution
		{69445B9F-558A-47BE-BB47-7A4853C09510}.Debug|Any CPU.ActiveCfg = Debug|Any CPU
		{69445B9F-558A-47BE-BB47-7A4853C09510}.Debug|Any CPU.Build.0 = Debug|Any CPU
		{69445B9F-558A-47BE-BB47-7A4853C09510}.Release|Any CPU.ActiveCfg = Release|Any CPU
		{69445B9F-558A-47BE-BB47-7A4853C09510}.Release|Any CPU.Build.0 = Release|Any CPU
	EndGlobalSection
EndGlobal
